// !$*UTF8*$!
{
	archiveVersion = 1;
	classes = {
	};
	objectVersion = 56;
	objects = {

/* Begin PBXBuildFile section */
		8D3523CF2C1BA9800051BAC4 /* Fonts.swift in Sources */ = {isa = PBXBuildFile; fileRef = 8D3523CE2C1BA9800051BAC4 /* Fonts.swift */; };
		8D8D2E9E2C19A16B002287C0 /* WBSwiftUIApp.swift in Sources */ = {isa = PBXBuildFile; fileRef = 8D8D2E9D2C19A16B002287C0 /* WBSwiftUIApp.swift */; };
		8D8D2EA02C19A16B002287C0 /* TabBarView.swift in Sources */ = {isa = PBXBuildFile; fileRef = 8D8D2E9F2C19A16B002287C0 /* TabBarView.swift */; };
		8D8D2EA22C19A16C002287C0 /* Assets.xcassets in Resources */ = {isa = PBXBuildFile; fileRef = 8D8D2EA12C19A16C002287C0 /* Assets.xcassets */; };
		8D8D2EA52C19A16C002287C0 /* Preview Assets.xcassets in Resources */ = {isa = PBXBuildFile; fileRef = 8D8D2EA42C19A16C002287C0 /* Preview Assets.xcassets */; };
		8D8D2EAE2C19ADEE002287C0 /* Colors.xcassets in Resources */ = {isa = PBXBuildFile; fileRef = 8D8D2EAD2C19ADEE002287C0 /* Colors.xcassets */; };
		8D8D2EB22C19AE25002287C0 /* OnboardingView.swift in Sources */ = {isa = PBXBuildFile; fileRef = 8D8D2EB12C19AE25002287C0 /* OnboardingView.swift */; };
/* End PBXBuildFile section */

/* Begin PBXFileReference section */
		8D3523CE2C1BA9800051BAC4 /* Fonts.swift */ = {isa = PBXFileReference; lastKnownFileType = sourcecode.swift; path = Fonts.swift; sourceTree = "<group>"; };
		8D8D2E9A2C19A16B002287C0 /* WBSwiftUI.app */ = {isa = PBXFileReference; explicitFileType = wrapper.application; includeInIndex = 0; path = WBSwiftUI.app; sourceTree = BUILT_PRODUCTS_DIR; };
		8D8D2E9D2C19A16B002287C0 /* WBSwiftUIApp.swift */ = {isa = PBXFileReference; lastKnownFileType = sourcecode.swift; path = WBSwiftUIApp.swift; sourceTree = "<group>"; };
		8D8D2E9F2C19A16B002287C0 /* TabBarView.swift */ = {isa = PBXFileReference; lastKnownFileType = sourcecode.swift; path = TabBarView.swift; sourceTree = "<group>"; };
		8D8D2EA12C19A16C002287C0 /* Assets.xcassets */ = {isa = PBXFileReference; lastKnownFileType = folder.assetcatalog; path = Assets.xcassets; sourceTree = "<group>"; };
		8D8D2EA42C19A16C002287C0 /* Preview Assets.xcassets */ = {isa = PBXFileReference; lastKnownFileType = folder.assetcatalog; path = "Preview Assets.xcassets"; sourceTree = "<group>"; };
		8D8D2EAD2C19ADEE002287C0 /* Colors.xcassets */ = {isa = PBXFileReference; lastKnownFileType = folder.assetcatalog; path = Colors.xcassets; sourceTree = "<group>"; };
		8D8D2EB12C19AE25002287C0 /* OnboardingView.swift */ = {isa = PBXFileReference; lastKnownFileType = sourcecode.swift; path = OnboardingView.swift; sourceTree = "<group>"; };
/* End PBXFileReference section */

/* Begin PBXFrameworksBuildPhase section */
		8D8D2E972C19A16B002287C0 /* Frameworks */ = {
			isa = PBXFrameworksBuildPhase;
			buildActionMask = 2147483647;
			files = (
			);
			runOnlyForDeploymentPostprocessing = 0;
		};
/* End PBXFrameworksBuildPhase section */

/* Begin PBXGroup section */
		8D3523CD2C1BA9690051BAC4 /* Constants */ = {
			isa = PBXGroup;
			children = (
				8D3523CE2C1BA9800051BAC4 /* Fonts.swift */,
			);
			path = Constants;
			sourceTree = "<group>";
		};
		8D8D2E912C19A16B002287C0 = {
			isa = PBXGroup;
			children = (
				8D8D2E9C2C19A16B002287C0 /* WBSwiftUI */,
				8D8D2E9B2C19A16B002287C0 /* Products */,
			);
			sourceTree = "<group>";
		};
		8D8D2E9B2C19A16B002287C0 /* Products */ = {
			isa = PBXGroup;
			children = (
				8D8D2E9A2C19A16B002287C0 /* WBSwiftUI.app */,
			);
			name = Products;
			sourceTree = "<group>";
		};
		8D8D2E9C2C19A16B002287C0 /* WBSwiftUI */ = {
			isa = PBXGroup;
			children = (
				8D8D2EAF2C19AE05002287C0 /* Flows */,
				8D8D2EAB2C19AD84002287C0 /* Core */,
				8D8D2EAC2C19AD93002287C0 /* Resources */,
				8D8D2EA32C19A16C002287C0 /* Preview Content */,
			);
			path = WBSwiftUI;
			sourceTree = "<group>";
		};
		8D8D2EA32C19A16C002287C0 /* Preview Content */ = {
			isa = PBXGroup;
			children = (
				8D8D2EA42C19A16C002287C0 /* Preview Assets.xcassets */,
			);
			path = "Preview Content";
			sourceTree = "<group>";
		};
		8D8D2EAB2C19AD84002287C0 /* Core */ = {
			isa = PBXGroup;
			children = (
				8D8D2E9D2C19A16B002287C0 /* WBSwiftUIApp.swift */,
				8D8D2E9F2C19A16B002287C0 /* TabBarView.swift */,
			);
			path = Core;
			sourceTree = "<group>";
		};
		8D8D2EAC2C19AD93002287C0 /* Resources */ = {
			isa = PBXGroup;
			children = (
				8D3523CD2C1BA9690051BAC4 /* Constants */,
				8D8D2EA12C19A16C002287C0 /* Assets.xcassets */,
				8D8D2EAD2C19ADEE002287C0 /* Colors.xcassets */,
			);
			path = Resources;
			sourceTree = "<group>";
		};
		8D8D2EAF2C19AE05002287C0 /* Flows */ = {
			isa = PBXGroup;
			children = (
				8D8D2EB02C19AE11002287C0 /* Onboarding */,
			);
			path = Flows;
			sourceTree = "<group>";
		};
		8D8D2EB02C19AE11002287C0 /* Onboarding */ = {
			isa = PBXGroup;
			children = (
				8D8D2EB12C19AE25002287C0 /* OnboardingView.swift */,
			);
			path = Onboarding;
			sourceTree = "<group>";
		};
/* End PBXGroup section */

/* Begin PBXNativeTarget section */
		8D8D2E992C19A16B002287C0 /* WBSwiftUI */ = {
			isa = PBXNativeTarget;
			buildConfigurationList = 8D8D2EA82C19A16C002287C0 /* Build configuration list for PBXNativeTarget "WBSwiftUI" */;
			buildPhases = (
				8D8D2E962C19A16B002287C0 /* Sources */,
				8D8D2E972C19A16B002287C0 /* Frameworks */,
				8D8D2E982C19A16B002287C0 /* Resources */,
			);
			buildRules = (
			);
			dependencies = (
			);
			name = WBSwiftUI;
			productName = WBSwiftUI;
			productReference = 8D8D2E9A2C19A16B002287C0 /* WBSwiftUI.app */;
			productType = "com.apple.product-type.application";
		};
/* End PBXNativeTarget section */

/* Begin PBXProject section */
		8D8D2E922C19A16B002287C0 /* Project object */ = {
			isa = PBXProject;
			attributes = {
				BuildIndependentTargetsInParallel = 1;
				LastSwiftUpdateCheck = 1540;
				LastUpgradeCheck = 1540;
				TargetAttributes = {
					8D8D2E992C19A16B002287C0 = {
						CreatedOnToolsVersion = 15.4;
					};
				};
			};
			buildConfigurationList = 8D8D2E952C19A16B002287C0 /* Build configuration list for PBXProject "WBSwiftUI" */;
			compatibilityVersion = "Xcode 14.0";
			developmentRegion = en;
			hasScannedForEncodings = 0;
			knownRegions = (
				en,
				Base,
			);
			mainGroup = 8D8D2E912C19A16B002287C0;
			productRefGroup = 8D8D2E9B2C19A16B002287C0 /* Products */;
			projectDirPath = "";
			projectRoot = "";
			targets = (
				8D8D2E992C19A16B002287C0 /* WBSwiftUI */,
			);
		};
/* End PBXProject section */

/* Begin PBXResourcesBuildPhase section */
		8D8D2E982C19A16B002287C0 /* Resources */ = {
			isa = PBXResourcesBuildPhase;
			buildActionMask = 2147483647;
			files = (
				8D8D2EAE2C19ADEE002287C0 /* Colors.xcassets in Resources */,
				8D8D2EA52C19A16C002287C0 /* Preview Assets.xcassets in Resources */,
				8D8D2EA22C19A16C002287C0 /* Assets.xcassets in Resources */,
			);
			runOnlyForDeploymentPostprocessing = 0;
		};
/* End PBXResourcesBuildPhase section */

/* Begin PBXSourcesBuildPhase section */
		8D8D2E962C19A16B002287C0 /* Sources */ = {
			isa = PBXSourcesBuildPhase;
			buildActionMask = 2147483647;
			files = (
				8D3523CF2C1BA9800051BAC4 /* Fonts.swift in Sources */,
				8D8D2EB22C19AE25002287C0 /* OnboardingView.swift in Sources */,
				8D8D2EA02C19A16B002287C0 /* TabBarView.swift in Sources */,
				8D8D2E9E2C19A16B002287C0 /* WBSwiftUIApp.swift in Sources */,
			);
			runOnlyForDeploymentPostprocessing = 0;
		};
/* End PBXSourcesBuildPhase section */

/* Begin XCBuildConfiguration section */
		8D8D2EA62C19A16C002287C0 /* Debug */ = {
			isa = XCBuildConfiguration;
			buildSettings = {
				ALWAYS_SEARCH_USER_PATHS = NO;
				ASSETCATALOG_COMPILER_GENERATE_SWIFT_ASSET_SYMBOL_EXTENSIONS = YES;
				CLANG_ANALYZER_NONNULL = YES;
				CLANG_ANALYZER_NUMBER_OBJECT_CONVERSION = YES_AGGRESSIVE;
				CLANG_CXX_LANGUAGE_STANDARD = "gnu++20";
				CLANG_ENABLE_MODULES = YES;
				CLANG_ENABLE_OBJC_ARC = YES;
				CLANG_ENABLE_OBJC_WEAK = YES;
				CLANG_WARN_BLOCK_CAPTURE_AUTORELEASING = YES;
				CLANG_WARN_BOOL_CONVERSION = YES;
				CLANG_WARN_COMMA = YES;
				CLANG_WARN_CONSTANT_CONVERSION = YES;
				CLANG_WARN_DEPRECATED_OBJC_IMPLEMENTATIONS = YES;
				CLANG_WARN_DIRECT_OBJC_ISA_USAGE = YES_ERROR;
				CLANG_WARN_DOCUMENTATION_COMMENTS = YES;
				CLANG_WARN_EMPTY_BODY = YES;
				CLANG_WARN_ENUM_CONVERSION = YES;
				CLANG_WARN_INFINITE_RECURSION = YES;
				CLANG_WARN_INT_CONVERSION = YES;
				CLANG_WARN_NON_LITERAL_NULL_CONVERSION = YES;
				CLANG_WARN_OBJC_IMPLICIT_RETAIN_SELF = YES;
				CLANG_WARN_OBJC_LITERAL_CONVERSION = YES;
				CLANG_WARN_OBJC_ROOT_CLASS = YES_ERROR;
				CLANG_WARN_QUOTED_INCLUDE_IN_FRAMEWORK_HEADER = YES;
				CLANG_WARN_RANGE_LOOP_ANALYSIS = YES;
				CLANG_WARN_STRICT_PROTOTYPES = YES;
				CLANG_WARN_SUSPICIOUS_MOVE = YES;
				CLANG_WARN_UNGUARDED_AVAILABILITY = YES_AGGRESSIVE;
				CLANG_WARN_UNREACHABLE_CODE = YES;
				CLANG_WARN__DUPLICATE_METHOD_MATCH = YES;
				COPY_PHASE_STRIP = NO;
				DEBUG_INFORMATION_FORMAT = dwarf;
				ENABLE_STRICT_OBJC_MSGSEND = YES;
				ENABLE_TESTABILITY = YES;
				ENABLE_USER_SCRIPT_SANDBOXING = YES;
				GCC_C_LANGUAGE_STANDARD = gnu17;
				GCC_DYNAMIC_NO_PIC = NO;
				GCC_NO_COMMON_BLOCKS = YES;
				GCC_OPTIMIZATION_LEVEL = 0;
				GCC_PREPROCESSOR_DEFINITIONS = (
					"DEBUG=1",
					"$(inherited)",
				);
				GCC_WARN_64_TO_32_BIT_CONVERSION = YES;
				GCC_WARN_ABOUT_RETURN_TYPE = YES_ERROR;
				GCC_WARN_UNDECLARED_SELECTOR = YES;
				GCC_WARN_UNINITIALIZED_AUTOS = YES_AGGRESSIVE;
				GCC_WARN_UNUSED_FUNCTION = YES;
				GCC_WARN_UNUSED_VARIABLE = YES;
				IPHONEOS_DEPLOYMENT_TARGET = 17.5;
				LOCALIZATION_PREFERS_STRING_CATALOGS = YES;
				MTL_ENABLE_DEBUG_INFO = INCLUDE_SOURCE;
				MTL_FAST_MATH = YES;
				ONLY_ACTIVE_ARCH = YES;
				SDKROOT = iphoneos;
				SWIFT_ACTIVE_COMPILATION_CONDITIONS = "DEBUG $(inherited)";
				SWIFT_OPTIMIZATION_LEVEL = "-Onone";
			};
			name = Debug;
		};
		8D8D2EA72C19A16C002287C0 /* Release */ = {
			isa = XCBuildConfiguration;
			buildSettings = {
				ALWAYS_SEARCH_USER_PATHS = NO;
				ASSETCATALOG_COMPILER_GENERATE_SWIFT_ASSET_SYMBOL_EXTENSIONS = YES;
				CLANG_ANALYZER_NONNULL = YES;
				CLANG_ANALYZER_NUMBER_OBJECT_CONVERSION = YES_AGGRESSIVE;
				CLANG_CXX_LANGUAGE_STANDARD = "gnu++20";
				CLANG_ENABLE_MODULES = YES;
				CLANG_ENABLE_OBJC_ARC = YES;
				CLANG_ENABLE_OBJC_WEAK = YES;
				CLANG_WARN_BLOCK_CAPTURE_AUTORELEASING = YES;
				CLANG_WARN_BOOL_CONVERSION = YES;
				CLANG_WARN_COMMA = YES;
				CLANG_WARN_CONSTANT_CONVERSION = YES;
				CLANG_WARN_DEPRECATED_OBJC_IMPLEMENTATIONS = YES;
				CLANG_WARN_DIRECT_OBJC_ISA_USAGE = YES_ERROR;
				CLANG_WARN_DOCUMENTATION_COMMENTS = YES;
				CLANG_WARN_EMPTY_BODY = YES;
				CLANG_WARN_ENUM_CONVERSION = YES;
				CLANG_WARN_INFINITE_RECURSION = YES;
				CLANG_WARN_INT_CONVERSION = YES;
				CLANG_WARN_NON_LITERAL_NULL_CONVERSION = YES;
				CLANG_WARN_OBJC_IMPLICIT_RETAIN_SELF = YES;
				CLANG_WARN_OBJC_LITERAL_CONVERSION = YES;
				CLANG_WARN_OBJC_ROOT_CLASS = YES_ERROR;
				CLANG_WARN_QUOTED_INCLUDE_IN_FRAMEWORK_HEADER = YES;
				CLANG_WARN_RANGE_LOOP_ANALYSIS = YES;
				CLANG_WARN_STRICT_PROTOTYPES = YES;
				CLANG_WARN_SUSPICIOUS_MOVE = YES;
				CLANG_WARN_UNGUARDED_AVAILABILITY = YES_AGGRESSIVE;
				CLANG_WARN_UNREACHABLE_CODE = YES;
				CLANG_WARN__DUPLICATE_METHOD_MATCH = YES;
				COPY_PHASE_STRIP = NO;
				DEBUG_INFORMATION_FORMAT = "dwarf-with-dsym";
				ENABLE_NS_ASSERTIONS = NO;
				ENABLE_STRICT_OBJC_MSGSEND = YES;
				ENABLE_USER_SCRIPT_SANDBOXING = YES;
				GCC_C_LANGUAGE_STANDARD = gnu17;
				GCC_NO_COMMON_BLOCKS = YES;
				GCC_WARN_64_TO_32_BIT_CONVERSION = YES;
				GCC_WARN_ABOUT_RETURN_TYPE = YES_ERROR;
				GCC_WARN_UNDECLARED_SELECTOR = YES;
				GCC_WARN_UNINITIALIZED_AUTOS = YES_AGGRESSIVE;
				GCC_WARN_UNUSED_FUNCTION = YES;
				GCC_WARN_UNUSED_VARIABLE = YES;
				IPHONEOS_DEPLOYMENT_TARGET = 17.5;
				LOCALIZATION_PREFERS_STRING_CATALOGS = YES;
				MTL_ENABLE_DEBUG_INFO = NO;
				MTL_FAST_MATH = YES;
				SDKROOT = iphoneos;
				SWIFT_COMPILATION_MODE = wholemodule;
				VALIDATE_PRODUCT = YES;
			};
			name = Release;
		};
		8D8D2EA92C19A16C002287C0 /* Debug */ = {
			isa = XCBuildConfiguration;
			buildSettings = {
				ASSETCATALOG_COMPILER_APPICON_NAME = AppIcon;
				ASSETCATALOG_COMPILER_GLOBAL_ACCENT_COLOR_NAME = AccentColor;
				CODE_SIGN_STYLE = Automatic;
				CURRENT_PROJECT_VERSION = 1;
				DEVELOPMENT_ASSET_PATHS = "\"WBSwiftUI/Preview Content\"";
				DEVELOPMENT_TEAM = 8DUG4W2SVG;
				ENABLE_PREVIEWS = YES;
				GENERATE_INFOPLIST_FILE = YES;
				INFOPLIST_KEY_UIApplicationSceneManifest_Generation = YES;
				INFOPLIST_KEY_UIApplicationSupportsIndirectInputEvents = YES;
				INFOPLIST_KEY_UILaunchScreen_Generation = YES;
				INFOPLIST_KEY_UISupportedInterfaceOrientations_iPad = "UIInterfaceOrientationPortrait UIInterfaceOrientationPortraitUpsideDown UIInterfaceOrientationLandscapeLeft UIInterfaceOrientationLandscapeRight";
				INFOPLIST_KEY_UISupportedInterfaceOrientations_iPhone = "UIInterfaceOrientationPortrait UIInterfaceOrientationLandscapeLeft UIInterfaceOrientationLandscapeRight";
				LD_RUNPATH_SEARCH_PATHS = (
					"$(inherited)",
					"@executable_path/Frameworks",
				);
				MARKETING_VERSION = 1.0;
				PRODUCT_BUNDLE_IDENTIFIER = com.oneinch.WBSwiftUI;
				PRODUCT_NAME = "$(TARGET_NAME)";
				SWIFT_EMIT_LOC_STRINGS = YES;
				SWIFT_VERSION = 5.0;
				TARGETED_DEVICE_FAMILY = "1,2";
			};
			name = Debug;
		};
		8D8D2EAA2C19A16C002287C0 /* Release */ = {
			isa = XCBuildConfiguration;
			buildSettings = {
				ASSETCATALOG_COMPILER_APPICON_NAME = AppIcon;
				ASSETCATALOG_COMPILER_GLOBAL_ACCENT_COLOR_NAME = AccentColor;
				CODE_SIGN_STYLE = Automatic;
				CURRENT_PROJECT_VERSION = 1;
				DEVELOPMENT_ASSET_PATHS = "\"WBSwiftUI/Preview Content\"";
				DEVELOPMENT_TEAM = 8DUG4W2SVG;
				ENABLE_PREVIEWS = YES;
				GENERATE_INFOPLIST_FILE = YES;
				INFOPLIST_KEY_UIApplicationSceneManifest_Generation = YES;
				INFOPLIST_KEY_UIApplicationSupportsIndirectInputEvents = YES;
				INFOPLIST_KEY_UILaunchScreen_Generation = YES;
				INFOPLIST_KEY_UISupportedInterfaceOrientations_iPad = "UIInterfaceOrientationPortrait UIInterfaceOrientationPortraitUpsideDown UIInterfaceOrientationLandscapeLeft UIInterfaceOrientationLandscapeRight";
				INFOPLIST_KEY_UISupportedInterfaceOrientations_iPhone = "UIInterfaceOrientationPortrait UIInterfaceOrientationLandscapeLeft UIInterfaceOrientationLandscapeRight";
				LD_RUNPATH_SEARCH_PATHS = (
					"$(inherited)",
					"@executable_path/Frameworks",
				);
				MARKETING_VERSION = 1.0;
				PRODUCT_BUNDLE_IDENTIFIER = com.oneinch.WBSwiftUI;
				PRODUCT_NAME = "$(TARGET_NAME)";
				SWIFT_EMIT_LOC_STRINGS = YES;
				SWIFT_VERSION = 5.0;
				TARGETED_DEVICE_FAMILY = "1,2";
			};
			name = Release;
		};
/* End XCBuildConfiguration section */

/* Begin XCConfigurationList section */
		8D8D2E952C19A16B002287C0 /* Build configuration list for PBXProject "WBSwiftUI" */ = {
			isa = XCConfigurationList;
			buildConfigurations = (
				8D8D2EA62C19A16C002287C0 /* Debug */,
				8D8D2EA72C19A16C002287C0 /* Release */,
			);
			defaultConfigurationIsVisible = 0;
			defaultConfigurationName = Release;
		};
		8D8D2EA82C19A16C002287C0 /* Build configuration list for PBXNativeTarget "WBSwiftUI" */ = {
			isa = XCConfigurationList;
			buildConfigurations = (
				8D8D2EA92C19A16C002287C0 /* Debug */,
				8D8D2EAA2C19A16C002287C0 /* Release */,
			);
			defaultConfigurationIsVisible = 0;
			defaultConfigurationName = Release;
		};
/* End XCConfigurationList section */
	};
	rootObject = 8D8D2E922C19A16B002287C0 /* Project object */;
}
